PODS:
  - GPLottie (0.1.0)
  - librlottie (0.2.0)
  - SDWebImage (5.10.2):
    - SDWebImage/Core (= 5.10.2)
  - SDWebImage/Core (5.10.2)
  - SDWebImageLottieCoder (0.1.0):
    - librlottie (~> 0.1)
    - SDWebImage (~> 5.6)

DEPENDENCIES:
  - GPLottie (from `../`)
  - SDWebImageLottieCoder

SPEC REPOS:
  trunk:
    - librlottie
    - SDWebImage
    - SDWebImageLottieCoder

EXTERNAL SOURCES:
  GPLottie:
    :path: "../"

SPEC CHECKSUMS:
  GPLottie: 179379b988ee2aa9999a4499d80f3a4144e40b68
  librlottie: de032c7f7fbe0ac7ce1ee31ddb219c0068adff22
  SDWebImage: b969dcfc02c40a5da71eac0b03b8f1a0c794a86f
  SDWebImageLottieCoder: a63b40820ea10d36835d8994531baea838593099

PODFILE CHECKSUM: 9655d2e5046de49135918aaf20f07ac6b1fe01bc

COCOAPODS: 1.10.0
